{
  "name": "backup_utility",
  "version": "1.0.0",
  "lockfileVersion": 1,
  "requires": true,
  "dependencies": {
    "asap": {
      "version": "2.0.6",
      "resolved": "https://registry.npmjs.org/asap/-/asap-2.0.6.tgz",
      "integrity": "sha1-5QNHYR1+aQlDIIu9r+vLwvuGbUY="
    },
    "async": {
      "version": "2.5.0",
      "resolved": "https://registry.npmjs.org/async/-/async-2.5.0.tgz",
      "integrity": "sha512-e+lJAJeNWuPCNyxZKOBdaJGyLGHugXVQtrAwtuAe2vhxTYxFTKE73p8JuTmdH0qdQZtDvI4dhJwjZc5zsfIsYw==",
      "requires": {
        "lodash": "4.17.4"
      }
    },
    "js-sha3": {
      "version": "0.6.1",
      "resolved": "https://registry.npmjs.org/js-sha3/-/js-sha3-0.6.1.tgz",
      "integrity": "sha1-W4n3enR3Z5h39YxKB1JAk0sflcA="
    },
    "lodash": {
      "version": "4.17.4",
      "resolved": "https://registry.npmjs.org/lodash/-/lodash-4.17.4.tgz",
      "integrity": "sha1-eCA6TRwyiuHYbcpkYONptX9AVa4="
    },
    "promise": {
      "version": "8.0.1",
      "resolved": "https://registry.npmjs.org/promise/-/promise-8.0.1.tgz",
      "integrity": "sha1-5F1osAoXZHttpxG/he1u1HII9FA=",
      "requires": {
        "asap": "2.0.6"
      }
    }
  }
}
